// !$*UTF8*$!
{
	archiveVersion = 1;
	classes = {
	};
	objectVersion = 46;
	objects = {

/* Begin PBXBuildFile section */
		BE0184C714FD89F3004A0BC8 /* Icon@2x.png in Resources */ = {isa = PBXBuildFile; fileRef = BE0184C614FD89F3004A0BC8 /* Icon@2x.png */; };
		BE0184C914FD89F6004A0BC8 /* Icon.png in Resources */ = {isa = PBXBuildFile; fileRef = BE0184C814FD89F6004A0BC8 /* Icon.png */; };
		BE6A25AA15EC5FAF00542B39 /* CoreData.framework in Frameworks */ = {isa = PBXBuildFile; fileRef = BE6A25A915EC5FAF00542B39 /* CoreData.framework */; };
		BE78388F14F9531600B4460D /* UIKit.framework in Frameworks */ = {isa = PBXBuildFile; fileRef = BE78388E14F9531600B4460D /* UIKit.framework */; };
		BE78389114F9531600B4460D /* Foundation.framework in Frameworks */ = {isa = PBXBuildFile; fileRef = BE78389014F9531600B4460D /* Foundation.framework */; };
		BE78389314F9531600B4460D /* CoreGraphics.framework in Frameworks */ = {isa = PBXBuildFile; fileRef = BE78389214F9531600B4460D /* CoreGraphics.framework */; };
		BE78389914F9531600B4460D /* InfoPlist.strings in Resources */ = {isa = PBXBuildFile; fileRef = BE78389714F9531600B4460D /* InfoPlist.strings */; };
		BE78389B14F9531600B4460D /* main.m in Sources */ = {isa = PBXBuildFile; fileRef = BE78389A14F9531600B4460D /* main.m */; };
		BE78389F14F9531600B4460D /* AppDelegate.m in Sources */ = {isa = PBXBuildFile; fileRef = BE78389E14F9531600B4460D /* AppDelegate.m */; };
		BE7838A214F9531600B4460D /* MainStoryboard.storyboard in Resources */ = {isa = PBXBuildFile; fileRef = BE7838A014F9531600B4460D /* MainStoryboard.storyboard */; };
		BE7838B014F9589A00B4460D /* TractsTableViewController.m in Sources */ = {isa = PBXBuildFile; fileRef = BE7838AF14F9589A00B4460D /* TractsTableViewController.m */; };
		BE7838B314F958BF00B4460D /* TractDetailViewController.m in Sources */ = {isa = PBXBuildFile; fileRef = BE7838B214F958BF00B4460D /* TractDetailViewController.m */; };
		BE7838B614F958E000B4460D /* InfoViewController.m in Sources */ = {isa = PBXBuildFile; fileRef = BE7838B514F958E000B4460D /* InfoViewController.m */; };
		BE7838BB14F95B0D00B4460D /* TractArray.plist in Resources */ = {isa = PBXBuildFile; fileRef = BE7838B714F95B0D00B4460D /* TractArray.plist */; };
		BE7838BC14F95B0D00B4460D /* DevotionalArray.plist in Resources */ = {isa = PBXBuildFile; fileRef = BE7838B814F95B0D00B4460D /* DevotionalArray.plist */; };
		BE7838BD14F95B0D00B4460D /* TractSubtitleArray.plist in Resources */ = {isa = PBXBuildFile; fileRef = BE7838B914F95B0D00B4460D /* TractSubtitleArray.plist */; };
		BE7838BE14F95B0D00B4460D /* DevotionalSubtitleArray.plist in Resources */ = {isa = PBXBuildFile; fileRef = BE7838BA14F95B0D00B4460D /* DevotionalSubtitleArray.plist */; };
		BE7838C314F95B3D00B4460D /* CFNetwork.framework in Frameworks */ = {isa = PBXBuildFile; fileRef = BE7838C214F95B3D00B4460D /* CFNetwork.framework */; };
		BE7838C514F95B4600B4460D /* StoreKit.framework in Frameworks */ = {isa = PBXBuildFile; fileRef = BE7838C414F95B4600B4460D /* StoreKit.framework */; };
		BE7838C714F95B4E00B4460D /* MessageUI.framework in Frameworks */ = {isa = PBXBuildFile; fileRef = BE7838C614F95B4E00B4460D /* MessageUI.framework */; };
		BE7838C914F95B5800B4460D /* Security.framework in Frameworks */ = {isa = PBXBuildFile; fileRef = BE7838C814F95B5800B4460D /* Security.framework */; };
		BE7838CB14F95B6200B4460D /* SystemConfiguration.framework in Frameworks */ = {isa = PBXBuildFile; fileRef = BE7838CA14F95B6100B4460D /* SystemConfiguration.framework */; };
		BE7838D714F95BA100B4460D /* Icon-72.png in Resources */ = {isa = PBXBuildFile; fileRef = BE7838CD14F95BA100B4460D /* Icon-72.png */; };
		BE7838D814F95BA100B4460D /* Icon-Small-50.png in Resources */ = {isa = PBXBuildFile; fileRef = BE7838CE14F95BA100B4460D /* Icon-Small-50.png */; };
		BE7838D914F95BA100B4460D /* Icon-Small.png in Resources */ = {isa = PBXBuildFile; fileRef = BE7838CF14F95BA100B4460D /* Icon-Small.png */; };
		BE7838DA14F95BA100B4460D /* Icon-Small@2x.png in Resources */ = {isa = PBXBuildFile; fileRef = BE7838D014F95BA100B4460D /* Icon-Small@2x.png */; };
		BE7838DD14F95BA100B4460D /* ScrollViewBG.png in Resources */ = {isa = PBXBuildFile; fileRef = BE7838D314F95BA100B4460D /* ScrollViewBG.png */; };
		BE7838DE14F95BA100B4460D /* ToolbarBG.png in Resources */ = {isa = PBXBuildFile; fileRef = BE7838D414F95BA100B4460D /* ToolbarBG.png */; };
		BE7838EB14F960A100B4460D /* NavigationLandscapeBackground.png in Resources */ = {isa = PBXBuildFile; fileRef = BE7838E914F960A100B4460D /* NavigationLandscapeBackground.png */; };
		BE7838EC14F960A100B4460D /* NavigationPortraitBackground.png in Resources */ = {isa = PBXBuildFile; fileRef = BE7838EA14F960A100B4460D /* NavigationPortraitBackground.png */; };
		BE82B90214F9975D0056E0D1 /* Facebook.m in Sources */ = {isa = PBXBuildFile; fileRef = BE82B8E514F9975D0056E0D1 /* Facebook.m */; settings = {COMPILER_FLAGS = "-fno-objc-arc"; }; };
		BE82B90314F9975D0056E0D1 /* FBDialog.bundle in Resources */ = {isa = PBXBuildFile; fileRef = BE82B8E814F9975D0056E0D1 /* FBDialog.bundle */; };
		BE82B90414F9975D0056E0D1 /* FBDialog.m in Sources */ = {isa = PBXBuildFile; fileRef = BE82B8EA14F9975D0056E0D1 /* FBDialog.m */; settings = {COMPILER_FLAGS = "-fno-objc-arc"; }; };
		BE82B90514F9975D0056E0D1 /* FBFrictionlessRequestSettings.m in Sources */ = {isa = PBXBuildFile; fileRef = BE82B8EC14F9975D0056E0D1 /* FBFrictionlessRequestSettings.m */; settings = {COMPILER_FLAGS = "-fno-objc-arc"; }; };
		BE82B90614F9975D0056E0D1 /* FBLoginDialog.m in Sources */ = {isa = PBXBuildFile; fileRef = BE82B8EE14F9975D0056E0D1 /* FBLoginDialog.m */; settings = {COMPILER_FLAGS = "-fno-objc-arc"; }; };
		BE82B90714F9975D0056E0D1 /* FBRequest.m in Sources */ = {isa = PBXBuildFile; fileRef = BE82B8F014F9975D0056E0D1 /* FBRequest.m */; settings = {COMPILER_FLAGS = "-fno-objc-arc"; }; };
		BE82B90814F9975D0056E0D1 /* NSObject+SBJSON.m in Sources */ = {isa = PBXBuildFile; fileRef = BE82B8F414F9975D0056E0D1 /* NSObject+SBJSON.m */; settings = {COMPILER_FLAGS = "-fno-objc-arc"; }; };
		BE82B90914F9975D0056E0D1 /* NSString+SBJSON.m in Sources */ = {isa = PBXBuildFile; fileRef = BE82B8F614F9975D0056E0D1 /* NSString+SBJSON.m */; settings = {COMPILER_FLAGS = "-fno-objc-arc"; }; };
		BE82B90A14F9975D0056E0D1 /* SBJSON.m in Sources */ = {isa = PBXBuildFile; fileRef = BE82B8F814F9975D0056E0D1 /* SBJSON.m */; settings = {COMPILER_FLAGS = "-fno-objc-arc"; }; };
		BE82B90B14F9975D0056E0D1 /* SBJsonBase.m in Sources */ = {isa = PBXBuildFile; fileRef = BE82B8FA14F9975D0056E0D1 /* SBJsonBase.m */; settings = {COMPILER_FLAGS = "-fno-objc-arc"; }; };
		BE82B90C14F9975D0056E0D1 /* SBJsonParser.m in Sources */ = {isa = PBXBuildFile; fileRef = BE82B8FC14F9975D0056E0D1 /* SBJsonParser.m */; settings = {COMPILER_FLAGS = "-fno-objc-arc"; }; };
		BE82B90D14F9975D0056E0D1 /* SBJsonWriter.m in Sources */ = {isa = PBXBuildFile; fileRef = BE82B8FE14F9975D0056E0D1 /* SBJsonWriter.m */; settings = {COMPILER_FLAGS = "-fno-objc-arc"; }; };
		BEA77B8A15CF676E002258DF /* iPadStoryboard.storyboard in Resources */ = {isa = PBXBuildFile; fileRef = BEA77B8915CF676E002258DF /* iPadStoryboard.storyboard */; };
		BEA77BE215CF6B18002258DF /* MenuViewController.m in Sources */ = {isa = PBXBuildFile; fileRef = BEA77BE115CF6B18002258DF /* MenuViewController.m */; };
		BEBC41C715085493006A4F54 /* VerseViewController.m in Sources */ = {isa = PBXBuildFile; fileRef = BEBC41C615085493006A4F54 /* VerseViewController.m */; };
		BEBC41CF15087178006A4F54 /* Verse.plist in Resources */ = {isa = PBXBuildFile; fileRef = BEBC41CE15087178006A4F54 /* Verse.plist */; };
		BEBC41D115087180006A4F54 /* Scripture.plist in Resources */ = {isa = PBXBuildFile; fileRef = BEBC41D015087180006A4F54 /* Scripture.plist */; };
		BEC8B14214F9A4150057D39B /* Twitter.framework in Frameworks */ = {isa = PBXBuildFile; fileRef = BEC8B14114F9A4150057D39B /* Twitter.framework */; };
		BEC8B14614F9A7B70057D39B /* Connectivity.m in Sources */ = {isa = PBXBuildFile; fileRef = BEC8B14514F9A7B70057D39B /* Connectivity.m */; };
		BEC8B14D14F9B1E40057D39B /* InAppPurchaseObserver.m in Sources */ = {isa = PBXBuildFile; fileRef = BEC8B14C14F9B1E40057D39B /* InAppPurchaseObserver.m */; };
		BEC9DD3914F98693009FF1FD /* Reachability.m in Sources */ = {isa = PBXBuildFile; fileRef = BEC9DD3814F98693009FF1FD /* Reachability.m */; };
/* End PBXBuildFile section */

/* Begin PBXFileReference section */
		BE0184C614FD89F3004A0BC8 /* Icon@2x.png */ = {isa = PBXFileReference; lastKnownFileType = image.png; name = "Icon@2x.png"; path = "../Icon@2x.png"; sourceTree = "<group>"; };
		BE0184C814FD89F6004A0BC8 /* Icon.png */ = {isa = PBXFileReference; lastKnownFileType = image.png; name = Icon.png; path = ../Icon.png; sourceTree = "<group>"; };
		BE6A25A915EC5FAF00542B39 /* CoreData.framework */ = {isa = PBXFileReference; lastKnownFileType = wrapper.framework; name = CoreData.framework; path = System/Library/Frameworks/CoreData.framework; sourceTree = SDKROOT; };
		BE78388A14F9531600B4460D /* MobiTract.app */ = {isa = PBXFileReference; explicitFileType = wrapper.application; includeInIndex = 0; path = MobiTract.app; sourceTree = BUILT_PRODUCTS_DIR; };
		BE78388E14F9531600B4460D /* UIKit.framework */ = {isa = PBXFileReference; lastKnownFileType = wrapper.framework; name = UIKit.framework; path = System/Library/Frameworks/UIKit.framework; sourceTree = SDKROOT; };
		BE78389014F9531600B4460D /* Foundation.framework */ = {isa = PBXFileReference; lastKnownFileType = wrapper.framework; name = Foundation.framework; path = System/Library/Frameworks/Foundation.framework; sourceTree = SDKROOT; };
		BE78389214F9531600B4460D /* CoreGraphics.framework */ = {isa = PBXFileReference; lastKnownFileType = wrapper.framework; name = CoreGraphics.framework; path = System/Library/Frameworks/CoreGraphics.framework; sourceTree = SDKROOT; };
		BE78389614F9531600B4460D /* MobiTract-Info.plist */ = {isa = PBXFileReference; lastKnownFileType = text.plist.xml; path = "MobiTract-Info.plist"; sourceTree = "<group>"; };
		BE78389814F9531600B4460D /* en */ = {isa = PBXFileReference; lastKnownFileType = text.plist.strings; name = en; path = en.lproj/InfoPlist.strings; sourceTree = "<group>"; };
		BE78389A14F9531600B4460D /* main.m */ = {isa = PBXFileReference; lastKnownFileType = sourcecode.c.objc; path = main.m; sourceTree = "<group>"; };
		BE78389C14F9531600B4460D /* MobiTract-Prefix.pch */ = {isa = PBXFileReference; lastKnownFileType = sourcecode.c.h; path = "MobiTract-Prefix.pch"; sourceTree = "<group>"; };
		BE78389D14F9531600B4460D /* AppDelegate.h */ = {isa = PBXFileReference; lastKnownFileType = sourcecode.c.h; path = AppDelegate.h; sourceTree = "<group>"; };
		BE78389E14F9531600B4460D /* AppDelegate.m */ = {isa = PBXFileReference; lastKnownFileType = sourcecode.c.objc; path = AppDelegate.m; sourceTree = "<group>"; };
		BE7838A114F9531600B4460D /* en */ = {isa = PBXFileReference; lastKnownFileType = file.storyboard; name = en; path = en.lproj/MainStoryboard.storyboard; sourceTree = "<group>"; };
		BE7838AE14F9589A00B4460D /* TractsTableViewController.h */ = {isa = PBXFileReference; fileEncoding = 4; lastKnownFileType = sourcecode.c.h; path = TractsTableViewController.h; sourceTree = "<group>"; };
		BE7838AF14F9589A00B4460D /* TractsTableViewController.m */ = {isa = PBXFileReference; fileEncoding = 4; lastKnownFileType = sourcecode.c.objc; path = TractsTableViewController.m; sourceTree = "<group>"; };
		BE7838B114F958BF00B4460D /* TractDetailViewController.h */ = {isa = PBXFileReference; fileEncoding = 4; lastKnownFileType = sourcecode.c.h; path = TractDetailViewController.h; sourceTree = "<group>"; };
		BE7838B214F958BF00B4460D /* TractDetailViewController.m */ = {isa = PBXFileReference; fileEncoding = 4; lastKnownFileType = sourcecode.c.objc; path = TractDetailViewController.m; sourceTree = "<group>"; };
		BE7838B414F958E000B4460D /* InfoViewController.h */ = {isa = PBXFileReference; fileEncoding = 4; lastKnownFileType = sourcecode.c.h; path = InfoViewController.h; sourceTree = "<group>"; };
		BE7838B514F958E000B4460D /* InfoViewController.m */ = {isa = PBXFileReference; fileEncoding = 4; lastKnownFileType = sourcecode.c.objc; path = InfoViewController.m; sourceTree = "<group>"; };
		BE7838B714F95B0D00B4460D /* TractArray.plist */ = {isa = PBXFileReference; fileEncoding = 4; lastKnownFileType = text.plist.xml; path = TractArray.plist; sourceTree = "<group>"; };
		BE7838B814F95B0D00B4460D /* DevotionalArray.plist */ = {isa = PBXFileReference; fileEncoding = 4; lastKnownFileType = text.plist.xml; path = DevotionalArray.plist; sourceTree = "<group>"; };
		BE7838B914F95B0D00B4460D /* TractSubtitleArray.plist */ = {isa = PBXFileReference; fileEncoding = 4; lastKnownFileType = text.plist.xml; path = TractSubtitleArray.plist; sourceTree = "<group>"; };
		BE7838BA14F95B0D00B4460D /* DevotionalSubtitleArray.plist */ = {isa = PBXFileReference; fileEncoding = 4; lastKnownFileType = text.plist.xml; path = DevotionalSubtitleArray.plist; sourceTree = "<group>"; };
		BE7838C214F95B3D00B4460D /* CFNetwork.framework */ = {isa = PBXFileReference; lastKnownFileType = wrapper.framework; name = CFNetwork.framework; path = System/Library/Frameworks/CFNetwork.framework; sourceTree = SDKROOT; };
		BE7838C414F95B4600B4460D /* StoreKit.framework */ = {isa = PBXFileReference; lastKnownFileType = wrapper.framework; name = StoreKit.framework; path = System/Library/Frameworks/StoreKit.framework; sourceTree = SDKROOT; };
		BE7838C614F95B4E00B4460D /* MessageUI.framework */ = {isa = PBXFileReference; lastKnownFileType = wrapper.framework; name = MessageUI.framework; path = System/Library/Frameworks/MessageUI.framework; sourceTree = SDKROOT; };
		BE7838C814F95B5800B4460D /* Security.framework */ = {isa = PBXFileReference; lastKnownFileType = wrapper.framework; name = Security.framework; path = System/Library/Frameworks/Security.framework; sourceTree = SDKROOT; };
		BE7838CA14F95B6100B4460D /* SystemConfiguration.framework */ = {isa = PBXFileReference; lastKnownFileType = wrapper.framework; name = SystemConfiguration.framework; path = System/Library/Frameworks/SystemConfiguration.framework; sourceTree = SDKROOT; };
		BE7838CD14F95BA100B4460D /* Icon-72.png */ = {isa = PBXFileReference; lastKnownFileType = image.png; path = "Icon-72.png"; sourceTree = "<group>"; };
		BE7838CE14F95BA100B4460D /* Icon-Small-50.png */ = {isa = PBXFileReference; lastKnownFileType = image.png; path = "Icon-Small-50.png"; sourceTree = "<group>"; };
		BE7838CF14F95BA100B4460D /* Icon-Small.png */ = {isa = PBXFileReference; lastKnownFileType = image.png; path = "Icon-Small.png"; sourceTree = "<group>"; };
		BE7838D014F95BA100B4460D /* Icon-Small@2x.png */ = {isa = PBXFileReference; lastKnownFileType = image.png; path = "Icon-Small@2x.png"; sourceTree = "<group>"; };
		BE7838D314F95BA100B4460D /* ScrollViewBG.png */ = {isa = PBXFileReference; lastKnownFileType = image.png; path = ScrollViewBG.png; sourceTree = "<group>"; };
		BE7838D414F95BA100B4460D /* ToolbarBG.png */ = {isa = PBXFileReference; lastKnownFileType = image.png; path = ToolbarBG.png; sourceTree = "<group>"; };
		BE7838E914F960A100B4460D /* NavigationLandscapeBackground.png */ = {isa = PBXFileReference; lastKnownFileType = image.png; path = NavigationLandscapeBackground.png; sourceTree = "<group>"; };
		BE7838EA14F960A100B4460D /* NavigationPortraitBackground.png */ = {isa = PBXFileReference; lastKnownFileType = image.png; path = NavigationPortraitBackground.png; sourceTree = "<group>"; };
		BE82B8E414F9975D0056E0D1 /* Facebook.h */ = {isa = PBXFileReference; fileEncoding = 4; lastKnownFileType = sourcecode.c.h; path = Facebook.h; sourceTree = "<group>"; };
		BE82B8E514F9975D0056E0D1 /* Facebook.m */ = {isa = PBXFileReference; fileEncoding = 4; lastKnownFileType = sourcecode.c.objc; path = Facebook.m; sourceTree = "<group>"; };
		BE82B8E714F9975D0056E0D1 /* FBConnect.h */ = {isa = PBXFileReference; fileEncoding = 4; lastKnownFileType = sourcecode.c.h; path = FBConnect.h; sourceTree = "<group>"; };
		BE82B8E814F9975D0056E0D1 /* FBDialog.bundle */ = {isa = PBXFileReference; lastKnownFileType = "wrapper.plug-in"; path = FBDialog.bundle; sourceTree = "<group>"; };
		BE82B8E914F9975D0056E0D1 /* FBDialog.h */ = {isa = PBXFileReference; fileEncoding = 4; lastKnownFileType = sourcecode.c.h; path = FBDialog.h; sourceTree = "<group>"; };
		BE82B8EA14F9975D0056E0D1 /* FBDialog.m */ = {isa = PBXFileReference; fileEncoding = 4; lastKnownFileType = sourcecode.c.objc; path = FBDialog.m; sourceTree = "<group>"; };
		BE82B8EB14F9975D0056E0D1 /* FBFrictionlessRequestSettings.h */ = {isa = PBXFileReference; fileEncoding = 4; lastKnownFileType = sourcecode.c.h; path = FBFrictionlessRequestSettings.h; sourceTree = "<group>"; };
		BE82B8EC14F9975D0056E0D1 /* FBFrictionlessRequestSettings.m */ = {isa = PBXFileReference; fileEncoding = 4; lastKnownFileType = sourcecode.c.objc; path = FBFrictionlessRequestSettings.m; sourceTree = "<group>"; };
		BE82B8ED14F9975D0056E0D1 /* FBLoginDialog.h */ = {isa = PBXFileReference; fileEncoding = 4; lastKnownFileType = sourcecode.c.h; path = FBLoginDialog.h; sourceTree = "<group>"; };
		BE82B8EE14F9975D0056E0D1 /* FBLoginDialog.m */ = {isa = PBXFileReference; fileEncoding = 4; lastKnownFileType = sourcecode.c.objc; path = FBLoginDialog.m; sourceTree = "<group>"; };
		BE82B8EF14F9975D0056E0D1 /* FBRequest.h */ = {isa = PBXFileReference; fileEncoding = 4; lastKnownFileType = sourcecode.c.h; path = FBRequest.h; sourceTree = "<group>"; };
		BE82B8F014F9975D0056E0D1 /* FBRequest.m */ = {isa = PBXFileReference; fileEncoding = 4; lastKnownFileType = sourcecode.c.objc; path = FBRequest.m; sourceTree = "<group>"; };
		BE82B8F214F9975D0056E0D1 /* JSON.h */ = {isa = PBXFileReference; fileEncoding = 4; lastKnownFileType = sourcecode.c.h; path = JSON.h; sourceTree = "<group>"; };
		BE82B8F314F9975D0056E0D1 /* NSObject+SBJSON.h */ = {isa = PBXFileReference; fileEncoding = 4; lastKnownFileType = sourcecode.c.h; path = "NSObject+SBJSON.h"; sourceTree = "<group>"; };
		BE82B8F414F9975D0056E0D1 /* NSObject+SBJSON.m */ = {isa = PBXFileReference; fileEncoding = 4; lastKnownFileType = sourcecode.c.objc; path = "NSObject+SBJSON.m"; sourceTree = "<group>"; };
		BE82B8F514F9975D0056E0D1 /* NSString+SBJSON.h */ = {isa = PBXFileReference; fileEncoding = 4; lastKnownFileType = sourcecode.c.h; path = "NSString+SBJSON.h"; sourceTree = "<group>"; };
		BE82B8F614F9975D0056E0D1 /* NSString+SBJSON.m */ = {isa = PBXFileReference; fileEncoding = 4; lastKnownFileType = sourcecode.c.objc; path = "NSString+SBJSON.m"; sourceTree = "<group>"; };
		BE82B8F714F9975D0056E0D1 /* SBJSON.h */ = {isa = PBXFileReference; fileEncoding = 4; lastKnownFileType = sourcecode.c.h; path = SBJSON.h; sourceTree = "<group>"; };
		BE82B8F814F9975D0056E0D1 /* SBJSON.m */ = {isa = PBXFileReference; fileEncoding = 4; lastKnownFileType = sourcecode.c.objc; path = SBJSON.m; sourceTree = "<group>"; };
		BE82B8F914F9975D0056E0D1 /* SBJsonBase.h */ = {isa = PBXFileReference; fileEncoding = 4; lastKnownFileType = sourcecode.c.h; path = SBJsonBase.h; sourceTree = "<group>"; };
		BE82B8FA14F9975D0056E0D1 /* SBJsonBase.m */ = {isa = PBXFileReference; fileEncoding = 4; lastKnownFileType = sourcecode.c.objc; path = SBJsonBase.m; sourceTree = "<group>"; };
		BE82B8FB14F9975D0056E0D1 /* SBJsonParser.h */ = {isa = PBXFileReference; fileEncoding = 4; lastKnownFileType = sourcecode.c.h; path = SBJsonParser.h; sourceTree = "<group>"; };
		BE82B8FC14F9975D0056E0D1 /* SBJsonParser.m */ = {isa = PBXFileReference; fileEncoding = 4; lastKnownFileType = sourcecode.c.objc; path = SBJsonParser.m; sourceTree = "<group>"; };
		BE82B8FD14F9975D0056E0D1 /* SBJsonWriter.h */ = {isa = PBXFileReference; fileEncoding = 4; lastKnownFileType = sourcecode.c.h; path = SBJsonWriter.h; sourceTree = "<group>"; };
		BE82B8FE14F9975D0056E0D1 /* SBJsonWriter.m */ = {isa = PBXFileReference; fileEncoding = 4; lastKnownFileType = sourcecode.c.objc; path = SBJsonWriter.m; sourceTree = "<group>"; };
		BEA77B8915CF676E002258DF /* iPadStoryboard.storyboard */ = {isa = PBXFileReference; fileEncoding = 4; lastKnownFileType = file.storyboard; path = iPadStoryboard.storyboard; sourceTree = "<group>"; };
		BEA77BE015CF6B18002258DF /* MenuViewController.h */ = {isa = PBXFileReference; fileEncoding = 4; lastKnownFileType = sourcecode.c.h; path = MenuViewController.h; sourceTree = "<group>"; };
		BEA77BE115CF6B18002258DF /* MenuViewController.m */ = {isa = PBXFileReference; fileEncoding = 4; lastKnownFileType = sourcecode.c.objc; path = MenuViewController.m; sourceTree = "<group>"; };
		BEBC41C515085493006A4F54 /* VerseViewController.h */ = {isa = PBXFileReference; fileEncoding = 4; lastKnownFileType = sourcecode.c.h; path = VerseViewController.h; sourceTree = "<group>"; };
		BEBC41C615085493006A4F54 /* VerseViewController.m */ = {isa = PBXFileReference; fileEncoding = 4; lastKnownFileType = sourcecode.c.objc; path = VerseViewController.m; sourceTree = "<group>"; };
		BEBC41CE15087178006A4F54 /* Verse.plist */ = {isa = PBXFileReference; fileEncoding = 4; lastKnownFileType = text.plist.xml; path = Verse.plist; sourceTree = "<group>"; };
		BEBC41D015087180006A4F54 /* Scripture.plist */ = {isa = PBXFileReference; fileEncoding = 4; lastKnownFileType = text.plist.xml; path = Scripture.plist; sourceTree = "<group>"; };
		BEC8B14114F9A4150057D39B /* Twitter.framework */ = {isa = PBXFileReference; lastKnownFileType = wrapper.framework; name = Twitter.framework; path = System/Library/Frameworks/Twitter.framework; sourceTree = SDKROOT; };
		BEC8B14414F9A7B70057D39B /* Connectivity.h */ = {isa = PBXFileReference; fileEncoding = 4; lastKnownFileType = sourcecode.c.h; path = Connectivity.h; sourceTree = "<group>"; };
		BEC8B14514F9A7B70057D39B /* Connectivity.m */ = {isa = PBXFileReference; fileEncoding = 4; lastKnownFileType = sourcecode.c.objc; path = Connectivity.m; sourceTree = "<group>"; };
		BEC8B14B14F9B1E40057D39B /* InAppPurchaseObserver.h */ = {isa = PBXFileReference; fileEncoding = 4; lastKnownFileType = sourcecode.c.h; path = InAppPurchaseObserver.h; sourceTree = "<group>"; };
		BEC8B14C14F9B1E40057D39B /* InAppPurchaseObserver.m */ = {isa = PBXFileReference; fileEncoding = 4; lastKnownFileType = sourcecode.c.objc; path = InAppPurchaseObserver.m; sourceTree = "<group>"; };
		BEC9DD3714F98693009FF1FD /* Reachability.h */ = {isa = PBXFileReference; fileEncoding = 4; lastKnownFileType = sourcecode.c.h; path = Reachability.h; sourceTree = "<group>"; };
		BEC9DD3814F98693009FF1FD /* Reachability.m */ = {isa = PBXFileReference; fileEncoding = 4; lastKnownFileType = sourcecode.c.objc; path = Reachability.m; sourceTree = "<group>"; };
/* End PBXFileReference section */

/* Begin PBXFrameworksBuildPhase section */
		BE78388714F9531600B4460D /* Frameworks */ = {
			isa = PBXFrameworksBuildPhase;
			buildActionMask = 2147483647;
			files = (
				BE6A25AA15EC5FAF00542B39 /* CoreData.framework in Frameworks */,
				BE7838C514F95B4600B4460D /* StoreKit.framework in Frameworks */,
				BEC8B14214F9A4150057D39B /* Twitter.framework in Frameworks */,
				BE7838CB14F95B6200B4460D /* SystemConfiguration.framework in Frameworks */,
				BE7838C914F95B5800B4460D /* Security.framework in Frameworks */,
				BE7838C714F95B4E00B4460D /* MessageUI.framework in Frameworks */,
				BE7838C314F95B3D00B4460D /* CFNetwork.framework in Frameworks */,
				BE78388F14F9531600B4460D /* UIKit.framework in Frameworks */,
				BE78389114F9531600B4460D /* Foundation.framework in Frameworks */,
				BE78389314F9531600B4460D /* CoreGraphics.framework in Frameworks */,
			);
			runOnlyForDeploymentPostprocessing = 0;
		};
/* End PBXFrameworksBuildPhase section */

/* Begin PBXGroup section */
		BE78387F14F9531500B4460D = {
			isa = PBXGroup;
			children = (
				BEA77BDE15CF69A1002258DF /* Resources-iPad */,
				BE78389414F9531600B4460D /* MobiTract */,
				BE78388D14F9531600B4460D /* Frameworks */,
				BE78388B14F9531600B4460D /* Products */,
			);
			sourceTree = "<group>";
		};
		BE78388B14F9531600B4460D /* Products */ = {
			isa = PBXGroup;
			children = (
				BE78388A14F9531600B4460D /* MobiTract.app */,
			);
			name = Products;
			sourceTree = "<group>";
		};
		BE78388D14F9531600B4460D /* Frameworks */ = {
			isa = PBXGroup;
			children = (
				BE6A25A915EC5FAF00542B39 /* CoreData.framework */,
				BEC8B14114F9A4150057D39B /* Twitter.framework */,
				BE7838CA14F95B6100B4460D /* SystemConfiguration.framework */,
				BE7838C814F95B5800B4460D /* Security.framework */,
				BE7838C614F95B4E00B4460D /* MessageUI.framework */,
				BE7838C414F95B4600B4460D /* StoreKit.framework */,
				BE7838C214F95B3D00B4460D /* CFNetwork.framework */,
				BE78388E14F9531600B4460D /* UIKit.framework */,
				BE78389014F9531600B4460D /* Foundation.framework */,
				BE78389214F9531600B4460D /* CoreGraphics.framework */,
			);
			name = Frameworks;
			sourceTree = "<group>";
		};
		BE78389414F9531600B4460D /* MobiTract */ = {
			isa = PBXGroup;
			children = (
				BE82B8E014F9975D0056E0D1 /* facebook */,
				BE78389514F9531600B4460D /* Supporting Files */,
				BE7838CC14F95B8E00B4460D /* Resources */,
				BE78389D14F9531600B4460D /* AppDelegate.h */,
				BE78389E14F9531600B4460D /* AppDelegate.m */,
				BE7838A014F9531600B4460D /* MainStoryboard.storyboard */,
				BEA77B8915CF676E002258DF /* iPadStoryboard.storyboard */,
				BEA77BE015CF6B18002258DF /* MenuViewController.h */,
				BEA77BE115CF6B18002258DF /* MenuViewController.m */,
				BE7838AE14F9589A00B4460D /* TractsTableViewController.h */,
				BE7838AF14F9589A00B4460D /* TractsTableViewController.m */,
				BE7838B114F958BF00B4460D /* TractDetailViewController.h */,
				BE7838B214F958BF00B4460D /* TractDetailViewController.m */,
				BE7838B414F958E000B4460D /* InfoViewController.h */,
				BE7838B514F958E000B4460D /* InfoViewController.m */,
				BEBC41C515085493006A4F54 /* VerseViewController.h */,
				BEBC41C615085493006A4F54 /* VerseViewController.m */,
				BEC8B14B14F9B1E40057D39B /* InAppPurchaseObserver.h */,
				BEC8B14C14F9B1E40057D39B /* InAppPurchaseObserver.m */,
				BEC8B14414F9A7B70057D39B /* Connectivity.h */,
				BEC8B14514F9A7B70057D39B /* Connectivity.m */,
			);
			path = MobiTract;
			sourceTree = "<group>";
		};
		BE78389514F9531600B4460D /* Supporting Files */ = {
			isa = PBXGroup;
			children = (
				BEC9DD3714F98693009FF1FD /* Reachability.h */,
				BEC9DD3814F98693009FF1FD /* Reachability.m */,
				BE78389614F9531600B4460D /* MobiTract-Info.plist */,
				BE78389714F9531600B4460D /* InfoPlist.strings */,
				BE78389A14F9531600B4460D /* main.m */,
				BE78389C14F9531600B4460D /* MobiTract-Prefix.pch */,
				BE7838B714F95B0D00B4460D /* TractArray.plist */,
				BE7838B914F95B0D00B4460D /* TractSubtitleArray.plist */,
				BE7838B814F95B0D00B4460D /* DevotionalArray.plist */,
				BE7838BA14F95B0D00B4460D /* DevotionalSubtitleArray.plist */,
				BEBC41CE15087178006A4F54 /* Verse.plist */,
				BEBC41D015087180006A4F54 /* Scripture.plist */,
			);
			name = "Supporting Files";
			sourceTree = "<group>";
		};
		BE7838CC14F95B8E00B4460D /* Resources */ = {
			isa = PBXGroup;
			children = (
				BE7838E914F960A100B4460D /* NavigationLandscapeBackground.png */,
				BE7838EA14F960A100B4460D /* NavigationPortraitBackground.png */,
				BE0184C814FD89F6004A0BC8 /* Icon.png */,
				BE0184C614FD89F3004A0BC8 /* Icon@2x.png */,
				BE7838CD14F95BA100B4460D /* Icon-72.png */,
				BE7838CE14F95BA100B4460D /* Icon-Small-50.png */,
				BE7838CF14F95BA100B4460D /* Icon-Small.png */,
				BE7838D014F95BA100B4460D /* Icon-Small@2x.png */,
				BE7838D314F95BA100B4460D /* ScrollViewBG.png */,
				BE7838D414F95BA100B4460D /* ToolbarBG.png */,
			);
			name = Resources;
			sourceTree = "<group>";
		};
		BE82B8E014F9975D0056E0D1 /* facebook */ = {
			isa = PBXGroup;
			children = (
				BE82B8E414F9975D0056E0D1 /* Facebook.h */,
				BE82B8E514F9975D0056E0D1 /* Facebook.m */,
				BE82B8E714F9975D0056E0D1 /* FBConnect.h */,
				BE82B8E814F9975D0056E0D1 /* FBDialog.bundle */,
				BE82B8E914F9975D0056E0D1 /* FBDialog.h */,
				BE82B8EA14F9975D0056E0D1 /* FBDialog.m */,
				BE82B8EB14F9975D0056E0D1 /* FBFrictionlessRequestSettings.h */,
				BE82B8EC14F9975D0056E0D1 /* FBFrictionlessRequestSettings.m */,
				BE82B8ED14F9975D0056E0D1 /* FBLoginDialog.h */,
				BE82B8EE14F9975D0056E0D1 /* FBLoginDialog.m */,
				BE82B8EF14F9975D0056E0D1 /* FBRequest.h */,
				BE82B8F014F9975D0056E0D1 /* FBRequest.m */,
				BE82B8F114F9975D0056E0D1 /* JSON */,
			);
			name = facebook;
			path = src;
			sourceTree = "<group>";
		};
		BE82B8F114F9975D0056E0D1 /* JSON */ = {
			isa = PBXGroup;
			children = (
				BE82B8F214F9975D0056E0D1 /* JSON.h */,
				BE82B8F314F9975D0056E0D1 /* NSObject+SBJSON.h */,
				BE82B8F414F9975D0056E0D1 /* NSObject+SBJSON.m */,
				BE82B8F514F9975D0056E0D1 /* NSString+SBJSON.h */,
				BE82B8F614F9975D0056E0D1 /* NSString+SBJSON.m */,
				BE82B8F714F9975D0056E0D1 /* SBJSON.h */,
				BE82B8F814F9975D0056E0D1 /* SBJSON.m */,
				BE82B8F914F9975D0056E0D1 /* SBJsonBase.h */,
				BE82B8FA14F9975D0056E0D1 /* SBJsonBase.m */,
				BE82B8FB14F9975D0056E0D1 /* SBJsonParser.h */,
				BE82B8FC14F9975D0056E0D1 /* SBJsonParser.m */,
				BE82B8FD14F9975D0056E0D1 /* SBJsonWriter.h */,
				BE82B8FE14F9975D0056E0D1 /* SBJsonWriter.m */,
			);
			path = JSON;
			sourceTree = "<group>";
		};
		BEA77BDE15CF69A1002258DF /* Resources-iPad */ = {
			isa = PBXGroup;
			children = (
			);
			name = "Resources-iPad";
			sourceTree = "<group>";
		};
/* End PBXGroup section */

/* Begin PBXNativeTarget section */
		BE78388914F9531600B4460D /* MobiTract */ = {
			isa = PBXNativeTarget;
			buildConfigurationList = BE7838A814F9531600B4460D /* Build configuration list for PBXNativeTarget "MobiTract" */;
			buildPhases = (
				BE78388614F9531600B4460D /* Sources */,
				BE78388714F9531600B4460D /* Frameworks */,
				BE78388814F9531600B4460D /* Resources */,
			);
			buildRules = (
			);
			dependencies = (
			);
			name = MobiTract;
			productName = MobiTract;
			productReference = BE78388A14F9531600B4460D /* MobiTract.app */;
			productType = "com.apple.product-type.application";
		};
/* End PBXNativeTarget section */

/* Begin PBXProject section */
		BE78388114F9531500B4460D /* Project object */ = {
			isa = PBXProject;
			attributes = {
				LastUpgradeCheck = 0430;
			};
			buildConfigurationList = BE78388414F9531500B4460D /* Build configuration list for PBXProject "MobiTract" */;
			compatibilityVersion = "Xcode 3.2";
			developmentRegion = English;
			hasScannedForEncodings = 0;
			knownRegions = (
				en,
			);
			mainGroup = BE78387F14F9531500B4460D;
			productRefGroup = BE78388B14F9531600B4460D /* Products */;
			projectDirPath = "";
			projectRoot = "";
			targets = (
				BE78388914F9531600B4460D /* MobiTract */,
			);
		};
/* End PBXProject section */

/* Begin PBXResourcesBuildPhase section */
		BE78388814F9531600B4460D /* Resources */ = {
			isa = PBXResourcesBuildPhase;
			buildActionMask = 2147483647;
			files = (
				BE78389914F9531600B4460D /* InfoPlist.strings in Resources */,
				BE7838A214F9531600B4460D /* MainStoryboard.storyboard in Resources */,
				BE7838BB14F95B0D00B4460D /* TractArray.plist in Resources */,
				BE7838BC14F95B0D00B4460D /* DevotionalArray.plist in Resources */,
				BE7838BD14F95B0D00B4460D /* TractSubtitleArray.plist in Resources */,
				BE7838BE14F95B0D00B4460D /* DevotionalSubtitleArray.plist in Resources */,
				BE7838D714F95BA100B4460D /* Icon-72.png in Resources */,
				BE7838D814F95BA100B4460D /* Icon-Small-50.png in Resources */,
				BE7838D914F95BA100B4460D /* Icon-Small.png in Resources */,
				BE7838DA14F95BA100B4460D /* Icon-Small@2x.png in Resources */,
				BE7838DD14F95BA100B4460D /* ScrollViewBG.png in Resources */,
				BE7838DE14F95BA100B4460D /* ToolbarBG.png in Resources */,
				BE7838EB14F960A100B4460D /* NavigationLandscapeBackground.png in Resources */,
				BE7838EC14F960A100B4460D /* NavigationPortraitBackground.png in Resources */,
				BE82B90314F9975D0056E0D1 /* FBDialog.bundle in Resources */,
				BE0184C714FD89F3004A0BC8 /* Icon@2x.png in Resources */,
				BE0184C914FD89F6004A0BC8 /* Icon.png in Resources */,
				BEBC41CF15087178006A4F54 /* Verse.plist in Resources */,
				BEBC41D115087180006A4F54 /* Scripture.plist in Resources */,
				BEA77B8A15CF676E002258DF /* iPadStoryboard.storyboard in Resources */,
			);
			runOnlyForDeploymentPostprocessing = 0;
		};
/* End PBXResourcesBuildPhase section */

/* Begin PBXSourcesBuildPhase section */
		BE78388614F9531600B4460D /* Sources */ = {
			isa = PBXSourcesBuildPhase;
			buildActionMask = 2147483647;
			files = (
				BE78389B14F9531600B4460D /* main.m in Sources */,
				BE78389F14F9531600B4460D /* AppDelegate.m in Sources */,
				BE7838B014F9589A00B4460D /* TractsTableViewController.m in Sources */,
				BE7838B314F958BF00B4460D /* TractDetailViewController.m in Sources */,
				BE7838B614F958E000B4460D /* InfoViewController.m in Sources */,
				BEC9DD3914F98693009FF1FD /* Reachability.m in Sources */,
				BE82B90214F9975D0056E0D1 /* Facebook.m in Sources */,
				BE82B90414F9975D0056E0D1 /* FBDialog.m in Sources */,
				BE82B90514F9975D0056E0D1 /* FBFrictionlessRequestSettings.m in Sources */,
				BE82B90614F9975D0056E0D1 /* FBLoginDialog.m in Sources */,
				BE82B90714F9975D0056E0D1 /* FBRequest.m in Sources */,
				BE82B90814F9975D0056E0D1 /* NSObject+SBJSON.m in Sources */,
				BE82B90914F9975D0056E0D1 /* NSString+SBJSON.m in Sources */,
				BE82B90A14F9975D0056E0D1 /* SBJSON.m in Sources */,
				BE82B90B14F9975D0056E0D1 /* SBJsonBase.m in Sources */,
				BE82B90C14F9975D0056E0D1 /* SBJsonParser.m in Sources */,
				BE82B90D14F9975D0056E0D1 /* SBJsonWriter.m in Sources */,
				BEC8B14614F9A7B70057D39B /* Connectivity.m in Sources */,
				BEC8B14D14F9B1E40057D39B /* InAppPurchaseObserver.m in Sources */,
				BEBC41C715085493006A4F54 /* VerseViewController.m in Sources */,
				BEA77BE215CF6B18002258DF /* MenuViewController.m in Sources */,
			);
			runOnlyForDeploymentPostprocessing = 0;
		};
/* End PBXSourcesBuildPhase section */

/* Begin PBXVariantGroup section */
		BE78389714F9531600B4460D /* InfoPlist.strings */ = {
			isa = PBXVariantGroup;
			children = (
				BE78389814F9531600B4460D /* en */,
			);
			name = InfoPlist.strings;
			sourceTree = "<group>";
		};
		BE7838A014F9531600B4460D /* MainStoryboard.storyboard */ = {
			isa = PBXVariantGroup;
			children = (
				BE7838A114F9531600B4460D /* en */,
			);
			name = MainStoryboard.storyboard;
			sourceTree = "<group>";
		};
/* End PBXVariantGroup section */

/* Begin XCBuildConfiguration section */
		BE7838A614F9531600B4460D /* Debug */ = {
			isa = XCBuildConfiguration;
			buildSettings = {
				ALWAYS_SEARCH_USER_PATHS = NO;
				ARCHS = "$(ARCHS_STANDARD_32_BIT)";
				CLANG_ENABLE_OBJC_ARC = YES;
				CODE_SIGN_IDENTITY = "iPhone Developer: William Saults (3M368RSUZT)";
				"CODE_SIGN_IDENTITY[sdk=iphoneos*]" = "iPhone Developer";
				COPY_PHASE_STRIP = NO;
				GCC_C_LANGUAGE_STANDARD = gnu99;
				GCC_DYNAMIC_NO_PIC = NO;
				GCC_OPTIMIZATION_LEVEL = 0;
				GCC_PREPROCESSOR_DEFINITIONS = (
					"DEBUG=1",
					"$(inherited)",
				);
				GCC_SYMBOLS_PRIVATE_EXTERN = NO;
				GCC_VERSION = com.apple.compilers.llvm.clang.1_0;
				GCC_WARN_ABOUT_MISSING_PROTOTYPES = YES;
				GCC_WARN_ABOUT_RETURN_TYPE = YES;
				GCC_WARN_UNUSED_VARIABLE = YES;
				IPHONEOS_DEPLOYMENT_TARGET = 5.0;
				PROVISIONING_PROFILE = "F5A29968-1372-4E03-BBE1-345D7A9DD4CD";
				SDKROOT = iphoneos;
			};
			name = Debug;
		};
		BE7838A714F9531600B4460D /* Release */ = {
			isa = XCBuildConfiguration;
			buildSettings = {
				ALWAYS_SEARCH_USER_PATHS = NO;
				ARCHS = "$(ARCHS_STANDARD_32_BIT)";
				CLANG_ENABLE_OBJC_ARC = YES;
				CODE_SIGN_IDENTITY = "iPhone Developer: William Saults (3M368RSUZT)";
				"CODE_SIGN_IDENTITY[sdk=iphoneos*]" = "iPhone Developer";
				COPY_PHASE_STRIP = YES;
				GCC_C_LANGUAGE_STANDARD = gnu99;
				GCC_VERSION = com.apple.compilers.llvm.clang.1_0;
				GCC_WARN_ABOUT_MISSING_PROTOTYPES = YES;
				GCC_WARN_ABOUT_RETURN_TYPE = YES;
				GCC_WARN_UNUSED_VARIABLE = YES;
				IPHONEOS_DEPLOYMENT_TARGET = 5.0;
				OTHER_CFLAGS = "-DNS_BLOCK_ASSERTIONS=1";
				PROVISIONING_PROFILE = "F5A29968-1372-4E03-BBE1-345D7A9DD4CD";
				SDKROOT = iphoneos;
				VALIDATE_PRODUCT = YES;
			};
			name = Release;
		};
		BE7838A914F9531600B4460D /* Debug */ = {
			isa = XCBuildConfiguration;
			buildSettings = {
				CODE_SIGN_IDENTITY = "iPhone Distribution: Untamed Visions Creative Arts";
				"CODE_SIGN_IDENTITY[sdk=iphoneos*]" = "iPhone Developer: William Saults (3M368RSUZT)";
				GCC_PRECOMPILE_PREFIX_HEADER = YES;
				GCC_PREFIX_HEADER = "MobiTract/MobiTract-Prefix.pch";
				INFOPLIST_FILE = "MobiTract/MobiTract-Info.plist";
				IPHONEOS_DEPLOYMENT_TARGET = 5.1;
				LIBRARY_SEARCH_PATHS = (
					"$(inherited)",
					"\"$(SRCROOT)/MobiTract/facebook-ios-sdk\"",
				);
				PRODUCT_NAME = "$(TARGET_NAME)";
				PROVISIONING_PROFILE = "35CB095C-5B86-4C70-BC59-78D9C83CBE05";
				"PROVISIONING_PROFILE[sdk=iphoneos*]" = "F5A29968-1372-4E03-BBE1-345D7A9DD4CD";
				TARGETED_DEVICE_FAMILY = "1,2";
				WRAPPER_EXTENSION = app;
			};
			name = Debug;
		};
		BE7838AA14F9531600B4460D /* Release */ = {
			isa = XCBuildConfiguration;
			buildSettings = {
				CODE_SIGN_IDENTITY = "iPhone Distribution: Untamed Visions Creative Arts";
				"CODE_SIGN_IDENTITY[sdk=iphoneos*]" = "iPhone Distribution: Untamed Visions Creative Arts";
				GCC_PRECOMPILE_PREFIX_HEADER = YES;
				GCC_PREFIX_HEADER = "MobiTract/MobiTract-Prefix.pch";
				INFOPLIST_FILE = "MobiTract/MobiTract-Info.plist";
				IPHONEOS_DEPLOYMENT_TARGET = 5.1;
				LIBRARY_SEARCH_PATHS = (
					"$(inherited)",
					"\"$(SRCROOT)/MobiTract/facebook-ios-sdk\"",
				);
				PRODUCT_NAME = "$(TARGET_NAME)";
				PROVISIONING_PROFILE = "35CB095C-5B86-4C70-BC59-78D9C83CBE05";
				"PROVISIONING_PROFILE[sdk=iphoneos*]" = "35CB095C-5B86-4C70-BC59-78D9C83CBE05";
				TARGETED_DEVICE_FAMILY = "1,2";
				WRAPPER_EXTENSION = app;
			};
			name = Release;
		};
/* End XCBuildConfiguration section */

/* Begin XCConfigurationList section */
		BE78388414F9531500B4460D /* Build configuration list for PBXProject "MobiTract" */ = {
			isa = XCConfigurationList;
			buildConfigurations = (
				BE7838A614F9531600B4460D /* Debug */,
				BE7838A714F9531600B4460D /* Release */,
			);
			defaultConfigurationIsVisible = 0;
			defaultConfigurationName = Release;
		};
		BE7838A814F9531600B4460D /* Build configuration list for PBXNativeTarget "MobiTract" */ = {
			isa = XCConfigurationList;
			buildConfigurations = (
				BE7838A914F9531600B4460D /* Debug */,
				BE7838AA14F9531600B4460D /* Release */,
			);
			defaultConfigurationIsVisible = 0;
			defaultConfigurationName = Release;
		};
/* End XCConfigurationList section */
	};
	rootObject = BE78388114F9531500B4460D /* Project object */;
}
